
Microsoft Visual Studio Solution File, Format Version 12.00
# Visual Studio Version 17
VisualStudioVersion = 17.9.34616.47
MinimumVisualStudioVersion = 10.0.40219.1
Project("{8BC9CEB8-8B4A-11D0-8D11-00A0C91BC942}") = "polimorpi", "polimorpi\polimorpi.vcxproj", "{78405330-04DB-4041-A5D3-4932F900993A}"
EndProject
Project("{8BC9CEB8-8B4A-11D0-8D11-00A0C91BC942}") = "enkapulasi", "enkapulasi\enkapulasi.vcxproj", "{14A37C4D-8B57-40A6-B91F-FB02AE11DF7D}"
EndProject
Project("{8BC9CEB8-8B4A-11D0-8D11-00A0C91BC942}") = "noOverriding", "noOverriding\noOverriding.vcxproj", "{54EB33DE-2970-498B-A4F1-B3C38228F70F}"
EndProject
Project("{8BC9CEB8-8B4A-11D0-8D11-00A0C91BC942}") = "noPewarisan", "noPewarisan\noPewarisan.vcxproj", "{C9CE313A-E992-4EBF-A77F-758A7309E4CB}"
EndProject
Project("{8BC9CEB8-8B4A-11D0-8D11-00A0C91BC942}") = "abstraksi", "abstraksi\abstraksi.vcxproj", "{874ED9A9-AB49-4DB5-A417-6E7076CF0CA5}"
EndProject
Project("{8BC9CEB8-8B4A-11D0-8D11-00A0C91BC942}") = "multiPewaris", "multiPewaris\multiPewaris.vcxproj", "{35C826FF-844C-446A-BBA4-26C8E3777C99}"
EndProject
Project("{8BC9CEB8-8B4A-11D0-8D11-00A0C91BC942}") = "multiwaris", "multiwaris\multiwaris.vcxproj", "{078B86C3-5889-4CB4-AAB6-E58378FC7863}"
EndProject
Project("{8BC9CEB8-8B4A-11D0-8D11-00A0C91BC942}") = "solveMultiwaris", "solveMultiwaris\solveMultiwaris.vcxproj", "{DAC76430-9955-422E-A951-04AF5D7A2DE7}"
EndProject
Global
	GlobalSection(SolutionConfigurationPlatforms) = preSolution
		Debug|x64 = Debug|x64
		Debug|x86 = Debug|x86
		Release|x64 = Release|x64
		Release|x86 = Release|x86
	EndGlobalSection
	GlobalSection(ProjectConfigurationPlatforms) = postSolution
		{78405330-04DB-4041-A5D3-4932F900993A}.Debug|x64.ActiveCfg = Debug|x64
		{78405330-04DB-4041-A5D3-4932F900993A}.Debug|x64.Build.0 = Debug|x64
		{78405330-04DB-4041-A5D3-4932F900993A}.Debug|x86.ActiveCfg = Debug|Win32
		{78405330-04DB-4041-A5D3-4932F900993A}.Debug|x86.Build.0 = Debug|Win32
		{78405330-04DB-4041-A5D3-4932F900993A}.Release|x64.ActiveCfg = Release|x64
		{78405330-04DB-4041-A5D3-4932F900993A}.Release|x64.Build.0 = Release|x64
		{78405330-04DB-4041-A5D3-4932F900993A}.Release|x86.ActiveCfg = Release|Win32
		{78405330-04DB-4041-A5D3-4932F900993A}.Release|x86.Build.0 = Release|Win32
		{14A37C4D-8B57-40A6-B91F-FB02AE11DF7D}.Debug|x64.ActiveCfg = Debug|x64
		{14A37C4D-8B57-40A6-B91F-FB02AE11DF7D}.Debug|x64.Build.0 = Debug|x64
		{14A37C4D-8B57-40A6-B91F-FB02AE11DF7D}.Debug|x86.ActiveCfg = Debug|Win32
		{14A37C4D-8B57-40A6-B91F-FB02AE11DF7D}.Debug|x86.Build.0 = Debug|Win32
		{14A37C4D-8B57-40A6-B91F-FB02AE11DF7D}.Release|x64.ActiveCfg = Release|x64
		{14A37C4D-8B57-40A6-B91F-FB02AE11DF7D}.Release|x64.Build.0 = Release|x64
		{14A37C4D-8B57-40A6-B91F-FB02AE11DF7D}.Release|x86.ActiveCfg = Release|Win32
		{14A37C4D-8B57-40A6-B91F-FB02AE11DF7D}.Release|x86.Build.0 = Release|Win32
		{54EB33DE-2970-498B-A4F1-B3C38228F70F}.Debug|x64.ActiveCfg = Debug|x64
		{54EB33DE-2970-498B-A4F1-B3C38228F70F}.Debug|x64.Build.0 = Debug|x64
		{54EB33DE-2970-498B-A4F1-B3C38228F70F}.Debug|x86.ActiveCfg = Debug|Win32
		{54EB33DE-2970-498B-A4F1-B3C38228F70F}.Debug|x86.Build.0 = Debug|Win32
		{54EB33DE-2970-498B-A4F1-B3C38228F70F}.Release|x64.ActiveCfg = Release|x64
		{54EB33DE-2970-498B-A4F1-B3C38228F70F}.Release|x64.Build.0 = Release|x64
		{54EB33DE-2970-498B-A4F1-B3C38228F70F}.Release|x86.ActiveCfg = Release|Win32
		{54EB33DE-2970-498B-A4F1-B3C38228F70F}.Release|x86.Build.0 = Release|Win32
		{C9CE313A-E992-4EBF-A77F-758A7309E4CB}.Debug|x64.ActiveCfg = Debug|x64
		{C9CE313A-E992-4EBF-A77F-758A7309E4CB}.Debug|x64.Build.0 = Debug|x64
		{C9CE313A-E992-4EBF-A77F-758A7309E4CB}.Debug|x86.ActiveCfg = Debug|Win32
		{C9CE313A-E992-4EBF-A77F-758A7309E4CB}.Debug|x86.Build.0 = Debug|Win32
		{C9CE313A-E992-4EBF-A77F-758A7309E4CB}.Release|x64.ActiveCfg = Release|x64
		{C9CE313A-E992-4EBF-A77F-758A7309E4CB}.Release|x64.Build.0 = Release|x64
		{C9CE313A-E992-4EBF-A77F-758A7309E4CB}.Release|x86.ActiveCfg = Release|Win32
		{C9CE313A-E992-4EBF-A77F-758A7309E4CB}.Release|x86.Build.0 = Release|Win32
		{874ED9A9-AB49-4DB5-A417-6E7076CF0CA5}.Debug|x64.ActiveCfg = Debug|x64
		{874ED9A9-AB49-4DB5-A417-6E7076CF0CA5}.Debug|x64.Build.0 = Debug|x64
		{874ED9A9-AB49-4DB5-A417-6E7076CF0CA5}.Debug|x86.ActiveCfg = Debug|Win32
		{874ED9A9-AB49-4DB5-A417-6E7076CF0CA5}.Debug|x86.Build.0 = Debug|Win32
		{874ED9A9-AB49-4DB5-A417-6E7076CF0CA5}.Release|x64.ActiveCfg = Release|x64
		{874ED9A9-AB49-4DB5-A417-6E7076CF0CA5}.Release|x64.Build.0 = Release|x64
		{874ED9A9-AB49-4DB5-A417-6E7076CF0CA5}.Release|x86.ActiveCfg = Release|Win32
		{874ED9A9-AB49-4DB5-A417-6E7076CF0CA5}.Release|x86.Build.0 = Release|Win32
		{35C826FF-844C-446A-BBA4-26C8E3777C99}.Debug|x64.ActiveCfg = Debug|x64
		{35C826FF-844C-446A-BBA4-26C8E3777C99}.Debug|x64.Build.0 = Debug|x64
		{35C826FF-844C-446A-BBA4-26C8E3777C99}.Debug|x86.ActiveCfg = Debug|Win32
		{35C826FF-844C-446A-BBA4-26C8E3777C99}.Debug|x86.Build.0 = Debug|Win32
		{35C826FF-844C-446A-BBA4-26C8E3777C99}.Release|x64.ActiveCfg = Release|x64
		{35C826FF-844C-446A-BBA4-26C8E3777C99}.Release|x64.Build.0 = Release|x64
		{35C826FF-844C-446A-BBA4-26C8E3777C99}.Release|x86.ActiveCfg = Release|Win32
		{35C826FF-844C-446A-BBA4-26C8E3777C99}.Release|x86.Build.0 = Release|Win32
		{078B86C3-5889-4CB4-AAB6-E58378FC7863}.Debug|x64.ActiveCfg = Debug|x64
		{078B86C3-5889-4CB4-AAB6-E58378FC7863}.Debug|x64.Build.0 = Debug|x64
		{078B86C3-5889-4CB4-AAB6-E58378FC7863}.Debug|x86.ActiveCfg = Debug|Win32
		{078B86C3-5889-4CB4-AAB6-E58378FC7863}.Debug|x86.Build.0 = Debug|Win32
		{078B86C3-5889-4CB4-AAB6-E58378FC7863}.Release|x64.ActiveCfg = Release|x64
		{078B86C3-5889-4CB4-AAB6-E58378FC7863}.Release|x64.Build.0 = Release|x64
		{078B86C3-5889-4CB4-AAB6-E58378FC7863}.Release|x86.ActiveCfg = Release|Win32
		{078B86C3-5889-4CB4-AAB6-E58378FC7863}.Release|x86.Build.0 = Release|Win32
		{DAC76430-9955-422E-A951-04AF5D7A2DE7}.Debug|x64.ActiveCfg = Debug|x64
		{DAC76430-9955-422E-A951-04AF5D7A2DE7}.Debug|x64.Build.0 = Debug|x64
		{DAC76430-9955-422E-A951-04AF5D7A2DE7}.Debug|x86.ActiveCfg = Debug|Win32
		{DAC76430-9955-422E-A951-04AF5D7A2DE7}.Debug|x86.Build.0 = Debug|Win32
		{DAC76430-9955-422E-A951-04AF5D7A2DE7}.Release|x64.ActiveCfg = Release|x64
		{DAC76430-9955-422E-A951-04AF5D7A2DE7}.Release|x64.Build.0 = Release|x64
		{DAC76430-9955-422E-A951-04AF5D7A2DE7}.Release|x86.ActiveCfg = Release|Win32
		{DAC76430-9955-422E-A951-04AF5D7A2DE7}.Release|x86.Build.0 = Release|Win32
	EndGlobalSection
	GlobalSection(SolutionProperties) = preSolution
		HideSolutionNode = FALSE
	EndGlobalSection
	GlobalSection(ExtensibilityGlobals) = postSolution
		SolutionGuid = {2600702C-F42A-4CB0-9AC4-E37990BA1799}
	EndGlobalSection
EndGlobal
